
Microsoft Visual Studio Solution File, Format Version 12.00
# Visual Studio Version 16
VisualStudioVersion = 16.0.29926.136
MinimumVisualStudioVersion = 10.0.40219.1
Project("{8BC9CEB8-8B4A-11D0-8D11-00A0C91BC942}") = "ToDoTick", "ToDoTick\ToDoTick.vcxproj", "{5EFFC892-28CB-494C-B88B-C9D027F41D41}"
EndProject
Global
	GlobalSection(SolutionConfigurationPlatforms) = preSolution
		Debug|ARM = Debug|ARM
		Debug|ARM64 = Debug|ARM64
		Debug|x64 = Debug|x64
		Debug|x86 = Debug|x86
		Release|ARM = Release|ARM
		Release|ARM64 = Release|ARM64
		Release|x64 = Release|x64
		Release|x86 = Release|x86
	EndGlobalSection
	GlobalSection(ProjectConfigurationPlatforms) = postSolution
		{5EFFC892-28CB-494C-B88B-C9D027F41D41}.Debug|ARM.ActiveCfg = Debug|ARM
		{5EFFC892-28CB-494C-B88B-C9D027F41D41}.Debug|ARM.Build.0 = Debug|ARM
		{5EFFC892-28CB-494C-B88B-C9D027F41D41}.Debug|ARM.Deploy.0 = Debug|ARM
		{5EFFC892-28CB-494C-B88B-C9D027F41D41}.Debug|ARM64.ActiveCfg = Debug|ARM64
		{5EFFC892-28CB-494C-B88B-C9D027F41D41}.Debug|ARM64.Build.0 = Debug|ARM64
		{5EFFC892-28CB-494C-B88B-C9D027F41D41}.Debug|ARM64.Deploy.0 = Debug|ARM64
		{5EFFC892-28CB-494C-B88B-C9D027F41D41}.Debug|x64.ActiveCfg = Debug|x64
		{5EFFC892-28CB-494C-B88B-C9D027F41D41}.Debug|x64.Build.0 = Debug|x64
		{5EFFC892-28CB-494C-B88B-C9D027F41D41}.Debug|x64.Deploy.0 = Debug|x64
		{5EFFC892-28CB-494C-B88B-C9D027F41D41}.Debug|x86.ActiveCfg = Debug|Win32
		{5EFFC892-28CB-494C-B88B-C9D027F41D41}.Debug|x86.Build.0 = Debug|Win32
		{5EFFC892-28CB-494C-B88B-C9D027F41D41}.Debug|x86.Deploy.0 = Debug|Win32
		{5EFFC892-28CB-494C-B88B-C9D027F41D41}.Release|ARM.ActiveCfg = Release|ARM
		{5EFFC892-28CB-494C-B88B-C9D027F41D41}.Release|ARM.Build.0 = Release|ARM
		{5EFFC892-28CB-494C-B88B-C9D027F41D41}.Release|ARM.Deploy.0 = Release|ARM
		{5EFFC892-28CB-494C-B88B-C9D027F41D41}.Release|ARM64.ActiveCfg = Release|ARM64
		{5EFFC892-28CB-494C-B88B-C9D027F41D41}.Release|ARM64.Build.0 = Release|ARM64
		{5EFFC892-28CB-494C-B88B-C9D027F41D41}.Release|ARM64.Deploy.0 = Release|ARM64
		{5EFFC892-28CB-494C-B88B-C9D027F41D41}.Release|x64.ActiveCfg = Release|x64
		{5EFFC892-28CB-494C-B88B-C9D027F41D41}.Release|x64.Build.0 = Release|x64
		{5EFFC892-28CB-494C-B88B-C9D027F41D41}.Release|x64.Deploy.0 = Release|x64
		{5EFFC892-28CB-494C-B88B-C9D027F41D41}.Release|x86.ActiveCfg = Release|Win32
		{5EFFC892-28CB-494C-B88B-C9D027F41D41}.Release|x86.Build.0 = Release|Win32
		{5EFFC892-28CB-494C-B88B-C9D027F41D41}.Release|x86.Deploy.0 = Release|Win32
	EndGlobalSection
	GlobalSection(SolutionProperties) = preSolution
		HideSolutionNode = FALSE
	EndGlobalSection
	GlobalSection(ExtensibilityGlobals) = postSolution
		SolutionGuid = {5646BF2C-8844-4F9A-BD5F-FD16EE341094}
	EndGlobalSection
EndGlobal
